
Microsoft Visual Studio Solution File, Format Version 12.00
# Visual Studio Version 17
VisualStudioVersion = 17.13.35919.96 d17.13
MinimumVisualStudioVersion = 10.0.40219.1
Project("{FAE04EC0-301F-11D3-BF4B-00C04F79EFBC}") = "ProductosAPI", "ProductosAPI\ProductosAPI.csproj", "{6453FF37-E46A-4761-824F-1D47193BCB5C}"
EndProject
Global
	GlobalSection(SolutionConfigurationPlatforms) = preSolution
		Debug|Any CPU = Debug|Any CPU
		Release|Any CPU = Release|Any CPU
	EndGlobalSection
	GlobalSection(ProjectConfigurationPlatforms) = postSolution
		{6453FF37-E46A-4761-824F-1D47193BCB5C}.Debug|Any CPU.ActiveCfg = Debug|Any CPU
		{6453FF37-E46A-4761-824F-1D47193BCB5C}.Debug|Any CPU.Build.0 = Debug|Any CPU
		{6453FF37-E46A-4761-824F-1D47193BCB5C}.Release|Any CPU.ActiveCfg = Release|Any CPU
		{6453FF37-E46A-4761-824F-1D47193BCB5C}.Release|Any CPU.Build.0 = Release|Any CPU
	EndGlobalSection
	GlobalSection(SolutionProperties) = preSolution
		HideSolutionNode = FALSE
	EndGlobalSection
	GlobalSection(ExtensibilityGlobals) = postSolution
		SolutionGuid = {98690969-2F72-4194-B922-6F12DE60A2B4}
	EndGlobalSection
EndGlobal
